
Microsoft Visual Studio Solution File, Format Version 12.00
# Visual Studio Version 16
VisualStudioVersion = 16.0.30717.126
MinimumVisualStudioVersion = 10.0.40219.1
Project("{FAE04EC0-301F-11D3-BF4B-00C04F79EFBC}") = "4_024_EreditarietàCarte2", "4_024_EreditarietàCarte2\4_024_EreditarietàCarte2.csproj", "{FA7FABF6-0E0F-470E-A8C2-D3621CBF6996}"
EndProject
Global
	GlobalSection(SolutionConfigurationPlatforms) = preSolution
		Debug|Any CPU = Debug|Any CPU
		Release|Any CPU = Release|Any CPU
	EndGlobalSection
	GlobalSection(ProjectConfigurationPlatforms) = postSolution
		{FA7FABF6-0E0F-470E-A8C2-D3621CBF6996}.Debug|Any CPU.ActiveCfg = Debug|Any CPU
		{FA7FABF6-0E0F-470E-A8C2-D3621CBF6996}.Debug|Any CPU.Build.0 = Debug|Any CPU
		{FA7FABF6-0E0F-470E-A8C2-D3621CBF6996}.Release|Any CPU.ActiveCfg = Release|Any CPU
		{FA7FABF6-0E0F-470E-A8C2-D3621CBF6996}.Release|Any CPU.Build.0 = Release|Any CPU
	EndGlobalSection
	GlobalSection(SolutionProperties) = preSolution
		HideSolutionNode = FALSE
	EndGlobalSection
	GlobalSection(ExtensibilityGlobals) = postSolution
		SolutionGuid = {7E6C60C8-57BE-4336-BB17-314FEDAD75B5}
	EndGlobalSection
EndGlobal
