
Microsoft Visual Studio Solution File, Format Version 12.00
# Visual Studio Version 16
VisualStudioVersion = 16.0.30717.126
MinimumVisualStudioVersion = 10.0.40219.1
Project("{FAE04EC0-301F-11D3-BF4B-00C04F79EFBC}") = "4_025_MondoAnimale", "4_025_MondoAnimale\4_025_MondoAnimale.csproj", "{DB9AB0CC-ABBE-49DF-A9A9-1DC27BDF3B5A}"
EndProject
Global
	GlobalSection(SolutionConfigurationPlatforms) = preSolution
		Debug|Any CPU = Debug|Any CPU
		Release|Any CPU = Release|Any CPU
	EndGlobalSection
	GlobalSection(ProjectConfigurationPlatforms) = postSolution
		{DB9AB0CC-ABBE-49DF-A9A9-1DC27BDF3B5A}.Debug|Any CPU.ActiveCfg = Debug|Any CPU
		{DB9AB0CC-ABBE-49DF-A9A9-1DC27BDF3B5A}.Debug|Any CPU.Build.0 = Debug|Any CPU
		{DB9AB0CC-ABBE-49DF-A9A9-1DC27BDF3B5A}.Release|Any CPU.ActiveCfg = Release|Any CPU
		{DB9AB0CC-ABBE-49DF-A9A9-1DC27BDF3B5A}.Release|Any CPU.Build.0 = Release|Any CPU
	EndGlobalSection
	GlobalSection(SolutionProperties) = preSolution
		HideSolutionNode = FALSE
	EndGlobalSection
	GlobalSection(ExtensibilityGlobals) = postSolution
		SolutionGuid = {D490234C-1134-4199-8ECE-9036FEEBC42C}
	EndGlobalSection
EndGlobal
