
Microsoft Visual Studio Solution File, Format Version 12.00
# Visual Studio Version 16
VisualStudioVersion = 16.0.30611.23
MinimumVisualStudioVersion = 10.0.40219.1
Project("{FAE04EC0-301F-11D3-BF4B-00C04F79EFBC}") = "4_009_PrintSpooler", "4_009_PrintSpooler\4_009_PrintSpooler.csproj", "{9A7F7605-3055-4136-8AC3-D3B9486587DC}"
EndProject
Global
	GlobalSection(SolutionConfigurationPlatforms) = preSolution
		Debug|Any CPU = Debug|Any CPU
		Release|Any CPU = Release|Any CPU
	EndGlobalSection
	GlobalSection(ProjectConfigurationPlatforms) = postSolution
		{9A7F7605-3055-4136-8AC3-D3B9486587DC}.Debug|Any CPU.ActiveCfg = Debug|Any CPU
		{9A7F7605-3055-4136-8AC3-D3B9486587DC}.Debug|Any CPU.Build.0 = Debug|Any CPU
		{9A7F7605-3055-4136-8AC3-D3B9486587DC}.Release|Any CPU.ActiveCfg = Release|Any CPU
		{9A7F7605-3055-4136-8AC3-D3B9486587DC}.Release|Any CPU.Build.0 = Release|Any CPU
	EndGlobalSection
	GlobalSection(SolutionProperties) = preSolution
		HideSolutionNode = FALSE
	EndGlobalSection
	GlobalSection(ExtensibilityGlobals) = postSolution
		SolutionGuid = {E1E49FE6-3BEC-4AAB-BEC4-A6054D193F46}
	EndGlobalSection
EndGlobal
