
Microsoft Visual Studio Solution File, Format Version 12.00
# Visual Studio Version 16
VisualStudioVersion = 16.0.30611.23
MinimumVisualStudioVersion = 10.0.40219.1
Project("{FAE04EC0-301F-11D3-BF4B-00C04F79EFBC}") = "4_008_ClasseSingleton", "4_008_ClasseSingleton\4_008_ClasseSingleton.csproj", "{BDAFB0BA-016A-4B08-B61E-A4F3F5024F50}"
EndProject
Global
	GlobalSection(SolutionConfigurationPlatforms) = preSolution
		Debug|Any CPU = Debug|Any CPU
		Release|Any CPU = Release|Any CPU
	EndGlobalSection
	GlobalSection(ProjectConfigurationPlatforms) = postSolution
		{BDAFB0BA-016A-4B08-B61E-A4F3F5024F50}.Debug|Any CPU.ActiveCfg = Debug|Any CPU
		{BDAFB0BA-016A-4B08-B61E-A4F3F5024F50}.Debug|Any CPU.Build.0 = Debug|Any CPU
		{BDAFB0BA-016A-4B08-B61E-A4F3F5024F50}.Release|Any CPU.ActiveCfg = Release|Any CPU
		{BDAFB0BA-016A-4B08-B61E-A4F3F5024F50}.Release|Any CPU.Build.0 = Release|Any CPU
	EndGlobalSection
	GlobalSection(SolutionProperties) = preSolution
		HideSolutionNode = FALSE
	EndGlobalSection
	GlobalSection(ExtensibilityGlobals) = postSolution
		SolutionGuid = {8DEAC190-A283-4F92-9C71-272F46420E28}
	EndGlobalSection
EndGlobal
