
Microsoft Visual Studio Solution File, Format Version 12.00
# Visual Studio Version 16
VisualStudioVersion = 16.0.29411.108
MinimumVisualStudioVersion = 10.0.40219.1
Project("{FAE04EC0-301F-11D3-BF4B-00C04F79EFBC}") = "4_028_IComparable", "4_028_IComparable\4_028_IComparable.csproj", "{C5DCF36A-73C7-4329-BEEA-802DC2E521D9}"
EndProject
Global
	GlobalSection(SolutionConfigurationPlatforms) = preSolution
		Debug|Any CPU = Debug|Any CPU
		Release|Any CPU = Release|Any CPU
	EndGlobalSection
	GlobalSection(ProjectConfigurationPlatforms) = postSolution
		{C5DCF36A-73C7-4329-BEEA-802DC2E521D9}.Debug|Any CPU.ActiveCfg = Debug|Any CPU
		{C5DCF36A-73C7-4329-BEEA-802DC2E521D9}.Debug|Any CPU.Build.0 = Debug|Any CPU
		{C5DCF36A-73C7-4329-BEEA-802DC2E521D9}.Release|Any CPU.ActiveCfg = Release|Any CPU
		{C5DCF36A-73C7-4329-BEEA-802DC2E521D9}.Release|Any CPU.Build.0 = Release|Any CPU
	EndGlobalSection
	GlobalSection(SolutionProperties) = preSolution
		HideSolutionNode = FALSE
	EndGlobalSection
	GlobalSection(ExtensibilityGlobals) = postSolution
		SolutionGuid = {0543C2FD-1E21-40E0-B802-958AA60B2109}
	EndGlobalSection
EndGlobal
