
Microsoft Visual Studio Solution File, Format Version 12.00
# Visual Studio Version 16
VisualStudioVersion = 16.0.30611.23
MinimumVisualStudioVersion = 10.0.40219.1
Project("{FAE04EC0-301F-11D3-BF4B-00C04F79EFBC}") = "4_016_EsStackContainer", "4_016_EsStackCointainer\4_016_EsStackContainer.csproj", "{3A231661-2884-48BF-83A5-801237D085C6}"
EndProject
Global
	GlobalSection(SolutionConfigurationPlatforms) = preSolution
		Debug|Any CPU = Debug|Any CPU
		Release|Any CPU = Release|Any CPU
	EndGlobalSection
	GlobalSection(ProjectConfigurationPlatforms) = postSolution
		{3A231661-2884-48BF-83A5-801237D085C6}.Debug|Any CPU.ActiveCfg = Debug|Any CPU
		{3A231661-2884-48BF-83A5-801237D085C6}.Debug|Any CPU.Build.0 = Debug|Any CPU
		{3A231661-2884-48BF-83A5-801237D085C6}.Release|Any CPU.ActiveCfg = Release|Any CPU
		{3A231661-2884-48BF-83A5-801237D085C6}.Release|Any CPU.Build.0 = Release|Any CPU
	EndGlobalSection
	GlobalSection(SolutionProperties) = preSolution
		HideSolutionNode = FALSE
	EndGlobalSection
	GlobalSection(ExtensibilityGlobals) = postSolution
		SolutionGuid = {358C1DC1-8DDB-4372-92BC-C0D968760A24}
	EndGlobalSection
EndGlobal
