
Microsoft Visual Studio Solution File, Format Version 12.00
# Visual Studio Version 16
VisualStudioVersion = 16.0.30717.126
MinimumVisualStudioVersion = 10.0.40219.1
Project("{FAE04EC0-301F-11D3-BF4B-00C04F79EFBC}") = "4_03_UserControl", "4_03_UserControl\4_03_UserControl.csproj", "{94A100D3-21D4-4AB4-8582-8A205037A552}"
EndProject
Global
	GlobalSection(SolutionConfigurationPlatforms) = preSolution
		Debug|Any CPU = Debug|Any CPU
		Release|Any CPU = Release|Any CPU
	EndGlobalSection
	GlobalSection(ProjectConfigurationPlatforms) = postSolution
		{94A100D3-21D4-4AB4-8582-8A205037A552}.Debug|Any CPU.ActiveCfg = Debug|Any CPU
		{94A100D3-21D4-4AB4-8582-8A205037A552}.Debug|Any CPU.Build.0 = Debug|Any CPU
		{94A100D3-21D4-4AB4-8582-8A205037A552}.Release|Any CPU.ActiveCfg = Release|Any CPU
		{94A100D3-21D4-4AB4-8582-8A205037A552}.Release|Any CPU.Build.0 = Release|Any CPU
	EndGlobalSection
	GlobalSection(SolutionProperties) = preSolution
		HideSolutionNode = FALSE
	EndGlobalSection
	GlobalSection(ExtensibilityGlobals) = postSolution
		SolutionGuid = {CEEE6DA8-8D38-4B75-96B6-E37D53249AF7}
	EndGlobalSection
EndGlobal
