
Microsoft Visual Studio Solution File, Format Version 12.00
# Visual Studio Version 16
VisualStudioVersion = 16.0.30611.23
MinimumVisualStudioVersion = 10.0.40219.1
Project("{FAE04EC0-301F-11D3-BF4B-00C04F79EFBC}") = "4_011_FormRegistrazione", "4_011_FormRegistrazione\4_011_FormRegistrazione.csproj", "{AE1629F8-1443-4812-82BF-D6F0A69F18CF}"
EndProject
Global
	GlobalSection(SolutionConfigurationPlatforms) = preSolution
		Debug|Any CPU = Debug|Any CPU
		Release|Any CPU = Release|Any CPU
	EndGlobalSection
	GlobalSection(ProjectConfigurationPlatforms) = postSolution
		{AE1629F8-1443-4812-82BF-D6F0A69F18CF}.Debug|Any CPU.ActiveCfg = Debug|Any CPU
		{AE1629F8-1443-4812-82BF-D6F0A69F18CF}.Debug|Any CPU.Build.0 = Debug|Any CPU
		{AE1629F8-1443-4812-82BF-D6F0A69F18CF}.Release|Any CPU.ActiveCfg = Release|Any CPU
		{AE1629F8-1443-4812-82BF-D6F0A69F18CF}.Release|Any CPU.Build.0 = Release|Any CPU
	EndGlobalSection
	GlobalSection(SolutionProperties) = preSolution
		HideSolutionNode = FALSE
	EndGlobalSection
	GlobalSection(ExtensibilityGlobals) = postSolution
		SolutionGuid = {F10A0FDE-7093-48F9-A492-991FBBD36007}
	EndGlobalSection
EndGlobal
